
Microsoft Visual Studio Solution File, Format Version 12.00
# Visual Studio Version 17
VisualStudioVersion = 17.11.35312.102
MinimumVisualStudioVersion = 10.0.40219.1
Project("{FAE04EC0-301F-11D3-BF4B-00C04F79EFBC}") = "Lamazon.Web", "Lamazon.Web\Lamazon.Web.csproj", "{11BFF94B-64EF-4766-ADBB-A9B22F67CCC3}"
EndProject
Project("{FAE04EC0-301F-11D3-BF4B-00C04F79EFBC}") = "Lamazon.Services", "Lamazon.Services\Lamazon.Services.csproj", "{C4E057E7-E446-4CE9-9768-9CE93094F3AB}"
EndProject
Project("{FAE04EC0-301F-11D3-BF4B-00C04F79EFBC}") = "Lamazon.ViewModels", "Lamazon.ViewModels\Lamazon.ViewModels.csproj", "{49663458-A3E7-444D-8A60-76946A37C209}"
EndProject
Project("{FAE04EC0-301F-11D3-BF4B-00C04F79EFBC}") = "Lamazon.Domain", "Lamazon.Domain\Lamazon.Domain.csproj", "{070C15BB-BC94-44A3-8D0B-DEE85D0BA37C}"
EndProject
Project("{FAE04EC0-301F-11D3-BF4B-00C04F79EFBC}") = "Lamazon.DataAccess", "Lamazon.DataAccess\Lamazon.DataAccess.csproj", "{7971B9C7-4D29-48E4-BA66-4A76B1E92C7D}"
EndProject
Global
	GlobalSection(SolutionConfigurationPlatforms) = preSolution
		Debug|Any CPU = Debug|Any CPU
		Release|Any CPU = Release|Any CPU
	EndGlobalSection
	GlobalSection(ProjectConfigurationPlatforms) = postSolution
		{11BFF94B-64EF-4766-ADBB-A9B22F67CCC3}.Debug|Any CPU.ActiveCfg = Debug|Any CPU
		{11BFF94B-64EF-4766-ADBB-A9B22F67CCC3}.Debug|Any CPU.Build.0 = Debug|Any CPU
		{11BFF94B-64EF-4766-ADBB-A9B22F67CCC3}.Release|Any CPU.ActiveCfg = Release|Any CPU
		{11BFF94B-64EF-4766-ADBB-A9B22F67CCC3}.Release|Any CPU.Build.0 = Release|Any CPU
		{C4E057E7-E446-4CE9-9768-9CE93094F3AB}.Debug|Any CPU.ActiveCfg = Debug|Any CPU
		{C4E057E7-E446-4CE9-9768-9CE93094F3AB}.Debug|Any CPU.Build.0 = Debug|Any CPU
		{C4E057E7-E446-4CE9-9768-9CE93094F3AB}.Release|Any CPU.ActiveCfg = Release|Any CPU
		{C4E057E7-E446-4CE9-9768-9CE93094F3AB}.Release|Any CPU.Build.0 = Release|Any CPU
		{49663458-A3E7-444D-8A60-76946A37C209}.Debug|Any CPU.ActiveCfg = Debug|Any CPU
		{49663458-A3E7-444D-8A60-76946A37C209}.Debug|Any CPU.Build.0 = Debug|Any CPU
		{49663458-A3E7-444D-8A60-76946A37C209}.Release|Any CPU.ActiveCfg = Release|Any CPU
		{49663458-A3E7-444D-8A60-76946A37C209}.Release|Any CPU.Build.0 = Release|Any CPU
		{070C15BB-BC94-44A3-8D0B-DEE85D0BA37C}.Debug|Any CPU.ActiveCfg = Debug|Any CPU
		{070C15BB-BC94-44A3-8D0B-DEE85D0BA37C}.Debug|Any CPU.Build.0 = Debug|Any CPU
		{070C15BB-BC94-44A3-8D0B-DEE85D0BA37C}.Release|Any CPU.ActiveCfg = Release|Any CPU
		{070C15BB-BC94-44A3-8D0B-DEE85D0BA37C}.Release|Any CPU.Build.0 = Release|Any CPU
		{7971B9C7-4D29-48E4-BA66-4A76B1E92C7D}.Debug|Any CPU.ActiveCfg = Debug|Any CPU
		{7971B9C7-4D29-48E4-BA66-4A76B1E92C7D}.Debug|Any CPU.Build.0 = Debug|Any CPU
		{7971B9C7-4D29-48E4-BA66-4A76B1E92C7D}.Release|Any CPU.ActiveCfg = Release|Any CPU
		{7971B9C7-4D29-48E4-BA66-4A76B1E92C7D}.Release|Any CPU.Build.0 = Release|Any CPU
	EndGlobalSection
	GlobalSection(SolutionProperties) = preSolution
		HideSolutionNode = FALSE
	EndGlobalSection
	GlobalSection(ExtensibilityGlobals) = postSolution
		SolutionGuid = {2FA5261A-42D5-4749-89AE-89FB03068DB1}
	EndGlobalSection
EndGlobal
